
Microsoft Visual Studio Solution File, Format Version 12.00
# Visual Studio Version 17
VisualStudioVersion = 17.8.34525.116
MinimumVisualStudioVersion = 10.0.40219.1
Project("{FAE04EC0-301F-11D3-BF4B-00C04F79EFBC}") = "AlgoProject101", "AlgoProject101.csproj", "{ECA7B58D-3FAE-4B08-8152-3FE252ACF821}"
EndProject
Global
	GlobalSection(SolutionConfigurationPlatforms) = preSolution
		Debug|Any CPU = Debug|Any CPU
		Debug|x64 = Debug|x64
		Release|Any CPU = Release|Any CPU
		Release|x64 = Release|x64
	EndGlobalSection
	GlobalSection(ProjectConfigurationPlatforms) = postSolution
		{ECA7B58D-3FAE-4B08-8152-3FE252ACF821}.Debug|Any CPU.ActiveCfg = Debug|Any CPU
		{ECA7B58D-3FAE-4B08-8152-3FE252ACF821}.Debug|Any CPU.Build.0 = Debug|Any CPU
		{ECA7B58D-3FAE-4B08-8152-3FE252ACF821}.Debug|x64.ActiveCfg = Debug|x64
		{ECA7B58D-3FAE-4B08-8152-3FE252ACF821}.Debug|x64.Build.0 = Debug|x64
		{ECA7B58D-3FAE-4B08-8152-3FE252ACF821}.Release|Any CPU.ActiveCfg = Release|Any CPU
		{ECA7B58D-3FAE-4B08-8152-3FE252ACF821}.Release|Any CPU.Build.0 = Release|Any CPU
		{ECA7B58D-3FAE-4B08-8152-3FE252ACF821}.Release|x64.ActiveCfg = Release|x64
		{ECA7B58D-3FAE-4B08-8152-3FE252ACF821}.Release|x64.Build.0 = Release|x64
	EndGlobalSection
	GlobalSection(SolutionProperties) = preSolution
		HideSolutionNode = FALSE
	EndGlobalSection
	GlobalSection(ExtensibilityGlobals) = postSolution
		SolutionGuid = {930AA2D3-9E2D-40E1-A3FA-1418DD420362}
	EndGlobalSection
EndGlobal
